
Microsoft Visual Studio Solution File, Format Version 12.00
# Visual Studio Version 16
VisualStudioVersion = 16.0.30523.141
MinimumVisualStudioVersion = 10.0.40219.1
Project("{FAE04EC0-301F-11D3-BF4B-00C04F79EFBC}") = "boostpanel", "boostpanel\boostpanel.csproj", "{AA330802-3C60-4966-A049-4AF6977E6531}"
EndProject
Project("{FAE04EC0-301F-11D3-BF4B-00C04F79EFBC}") = "SERVER", "SERVER\SERVER.csproj", "{62019D6D-2D0A-4E97-BABC-B1CE12159DF2}"
EndProject
Global
	GlobalSection(SolutionConfigurationPlatforms) = preSolution
		Debug|Any CPU = Debug|Any CPU
		Release|Any CPU = Release|Any CPU
	EndGlobalSection
	GlobalSection(ProjectConfigurationPlatforms) = postSolution
		{AA330802-3C60-4966-A049-4AF6977E6531}.Debug|Any CPU.ActiveCfg = Debug|Any CPU
		{AA330802-3C60-4966-A049-4AF6977E6531}.Debug|Any CPU.Build.0 = Debug|Any CPU
		{AA330802-3C60-4966-A049-4AF6977E6531}.Release|Any CPU.ActiveCfg = Release|Any CPU
		{AA330802-3C60-4966-A049-4AF6977E6531}.Release|Any CPU.Build.0 = Release|Any CPU
		{62019D6D-2D0A-4E97-BABC-B1CE12159DF2}.Debug|Any CPU.ActiveCfg = Debug|Any CPU
		{62019D6D-2D0A-4E97-BABC-B1CE12159DF2}.Debug|Any CPU.Build.0 = Debug|Any CPU
		{62019D6D-2D0A-4E97-BABC-B1CE12159DF2}.Release|Any CPU.ActiveCfg = Release|Any CPU
		{62019D6D-2D0A-4E97-BABC-B1CE12159DF2}.Release|Any CPU.Build.0 = Release|Any CPU
	EndGlobalSection
	GlobalSection(SolutionProperties) = preSolution
		HideSolutionNode = FALSE
	EndGlobalSection
	GlobalSection(ExtensibilityGlobals) = postSolution
		SolutionGuid = {8C81DAD3-47EC-4E22-92CC-2C15A2D4C2A5}
	EndGlobalSection
EndGlobal
